{
    "_readme": [
        "This file locks the dependencies of your project to a known state",
        "Read more about it at https://getcomposer.org/doc/01-basic-usage.md#installing-dependencies",
        "This file is @generated automatically"
    ],
    "content-hash": "3b5d75f6361b4187dacf5b8e4c8a5345",
    "packages": [
        {
            "name": "composer/installers",
            "version": "v1.5.0",
            "source": {
                "type": "git",
                "url": "https://github.com/composer/installers.git",
                "reference": "049797d727261bf27f2690430d935067710049c2"
            },
            "dist": {
                "type": "zip",
                "url": "https://api.github.com/repos/composer/installers/zipball/049797d727261bf27f2690430d935067710049c2",
                "reference": "049797d727261bf27f2690430d935067710049c2",
                "shasum": ""
            },
            "require": {
                "composer-plugin-api": "^1.0"
            },
            "replace": {
                "roundcube/plugin-installer": "*",
                "shama/baton": "*"
            },
            "require-dev": {
                "composer/composer": "1.0.*@dev",
                "phpunit/phpunit": "^4.8.36"
            },
            "type": "composer-plugin",
            "extra": {
                "class": "Composer\\Installers\\Plugin",
                "branch-alias": {
                    "dev-master": "1.0-dev"
                }
            },
            "autoload": {
                "psr-4": {
                    "Composer\\Installers\\": "src/Composer/Installers"
                }
            },
            "notification-url": "https://packagist.org/downloads/",
            "license": [
                "MIT"
            ],
            "authors": [
                {
                    "name": "Kyle Robinson Young",
                    "email": "kyle@dontkry.com",
                    "homepage": "https://github.com/shama"
                }
            ],
            "description": "A multi-framework Composer library installer",
            "homepage": "https://composer.github.io/installers/",
            "keywords": [
                "Craft",
                "Dolibarr",
                "Eliasis",
                "Hurad",
                "ImageCMS",
                "Kanboard",
                "Lan Management System",
                "MODX Evo",
                "Mautic",
                "Maya",
                "OXID",
                "Plentymarkets",
                "Porto",
                "RadPHP",
                "SMF",
                "Thelia",
                "WolfCMS",
                "agl",
                "aimeos",
                "annotatecms",
                "attogram",
                "bitrix",
                "cakephp",
                "chef",
                "cockpit",
                "codeigniter",
                "concrete5",
                "croogo",
                "dokuwiki",
                "drupal",
                "eZ Platform",
                "elgg",
                "expressionengine",
                "fuelphp",
                "grav",
                "installer",
                "itop",
                "joomla",
                "kohana",
                "laravel",
                "lavalite",
                "lithium",
                "magento",
                "majima",
                "mako",
                "mediawiki",
                "modulework",
                "modx",
                "moodle",
                "osclass",
                "phpbb",
                "piwik",
                "ppi",
                "puppet",
                "pxcms",
                "reindex",
                "roundcube",
                "shopware",
                "silverstripe",
                "sydes",
                "symfony",
                "typo3",
                "wordpress",
                "yawik",
                "zend",
                "zikula"
            ],
            "time": "2017-12-29T09:13:20+00:00"
        },
        {
            "name": "landslidecreative/advanced-custom-fields-pro",
            "version": "5.9.1",
            "source": {
                "type": "git",
                "url": "git@github.com:jsjenkins/advanced-custom-fields-pro.git",
                "reference": "43d16bbb91bdb3ac1f258acc57c22f6cdadd7f99"
            },
            "dist": {
                "type": "zip",
                "url": "https://api.github.com/repos/jsjenkins/advanced-custom-fields-pro/zipball/43d16bbb91bdb3ac1f258acc57c22f6cdadd7f99",
                "reference": "43d16bbb91bdb3ac1f258acc57c22f6cdadd7f99",
                "shasum": ""
            },
            "require": {
                "composer/installers": "v1.5.0"
            },
            "type": "wordpress-plugin",
            "support": {
                "source": "https://github.com/jsjenkins/advanced-custom-fields-pro/tree/5.9.1",
                "issues": "https://github.com/jsjenkins/advanced-custom-fields-pro/issues"
            },
            "time": "2020-09-08T15:59:11+00:00"
        },
        {
            "name": "landslidecreative/gravityforms",
            "version": "2.4.20.3",
            "source": {
                "type": "git",
                "url": "git@github.com:jsjenkins/gravityforms.git",
                "reference": "5ca5afc001a7cf44788380f0fab34ed90c75a0f4"
            },
            "dist": {
                "type": "zip",
                "url": "https://api.github.com/repos/jsjenkins/gravityforms/zipball/5ca5afc001a7cf44788380f0fab34ed90c75a0f4",
                "reference": "5ca5afc001a7cf44788380f0fab34ed90c75a0f4",
                "shasum": ""
            },
            "require": {
                "composer/installers": "v1.5.0"
            },
            "type": "wordpress-plugin",
            "support": {
                "source": "https://github.com/jsjenkins/gravityforms/tree/2.4.20.3",
                "issues": "https://github.com/jsjenkins/gravityforms/issues"
            },
            "time": "2020-09-03T16:06:11+00:00"
        },
        {
            "name": "landslidecreative/wp-migrate-db-pro",
            "version": "1.9.12",
            "source": {
                "type": "git",
                "url": "git@github.com:jsjenkins/wp-migrate-db-pro.git",
                "reference": "9c3572fd5be2ce96c1a0a4a1e6a9fe5da5ad7cf2"
            },
            "dist": {
                "type": "zip",
                "url": "https://api.github.com/repos/jsjenkins/wp-migrate-db-pro/zipball/9c3572fd5be2ce96c1a0a4a1e6a9fe5da5ad7cf2",
                "reference": "9c3572fd5be2ce96c1a0a4a1e6a9fe5da5ad7cf2",
                "shasum": ""
            },
            "require": {
                "composer/installers": "v1.5.0"
            },
            "type": "wordpress-plugin",
            "support": {
                "source": "https://github.com/jsjenkins/wp-migrate-db-pro/tree/1.9.12",
                "issues": "https://github.com/jsjenkins/wp-migrate-db-pro/issues"
            },
            "time": "2020-08-27T17:10:44+00:00"
        },
        {
            "name": "landslidecreative/wp-rocket",
            "version": "3.6.4",
            "source": {
                "type": "git",
                "url": "git@github.com:jsjenkins/wp-rocket.git",
                "reference": "8da04f84a5e5d5ae69af0cb5bb727ee7a20c0a5c"
            },
            "dist": {
                "type": "zip",
                "url": "https://api.github.com/repos/jsjenkins/wp-rocket/zipball/8da04f84a5e5d5ae69af0cb5bb727ee7a20c0a5c",
                "reference": "8da04f84a5e5d5ae69af0cb5bb727ee7a20c0a5c",
                "shasum": ""
            },
            "require": {
                "composer/installers": "v1.5.0"
            },
            "type": "wordpress-plugin",
            "support": {
                "source": "https://github.com/jsjenkins/wp-rocket/tree/3.6.4",
                "issues": "https://github.com/jsjenkins/wp-rocket/issues"
            },
            "time": "2020-08-27T17:16:10+00:00"
        },
        {
            "name": "wpackagist-plugin/classic-editor",
            "version": "1.6",
            "source": {
                "type": "svn",
                "url": "https://plugins.svn.wordpress.org/classic-editor/",
                "reference": "tags/1.6"
            },
            "dist": {
                "type": "zip",
                "url": "https://downloads.wordpress.org/plugin/classic-editor.1.6.zip"
            },
            "require": {
                "composer/installers": "~1.0"
            },
            "type": "wordpress-plugin",
            "homepage": "https://wordpress.org/plugins/classic-editor/"
        },
        {
            "name": "wpackagist-plugin/imagify",
            "version": "1.9.10",
            "source": {
                "type": "svn",
                "url": "https://plugins.svn.wordpress.org/imagify/",
                "reference": "tags/1.9.10"
            },
            "dist": {
                "type": "zip",
                "url": "https://downloads.wordpress.org/plugin/imagify.1.9.10.zip"
            },
            "require": {
                "composer/installers": "~1.0"
            },
            "type": "wordpress-plugin",
            "homepage": "https://wordpress.org/plugins/imagify/"
        },
        {
            "name": "wpackagist-plugin/intuitive-custom-post-order",
            "version": "3.1.2",
            "source": {
                "type": "svn",
                "url": "https://plugins.svn.wordpress.org/intuitive-custom-post-order/",
                "reference": "tags/3.1.2"
            },
            "dist": {
                "type": "zip",
                "url": "https://downloads.wordpress.org/plugin/intuitive-custom-post-order.3.1.2.zip"
            },
            "require": {
                "composer/installers": "~1.0"
            },
            "type": "wordpress-plugin",
            "homepage": "https://wordpress.org/plugins/intuitive-custom-post-order/"
        },
        {
            "name": "wpackagist-plugin/wordfence",
            "version": "7.4.11",
            "source": {
                "type": "svn",
                "url": "https://plugins.svn.wordpress.org/wordfence/",
                "reference": "tags/7.4.11"
            },
            "dist": {
                "type": "zip",
                "url": "https://downloads.wordpress.org/plugin/wordfence.7.4.11.zip"
            },
            "require": {
                "composer/installers": "~1.0"
            },
            "type": "wordpress-plugin",
            "homepage": "https://wordpress.org/plugins/wordfence/"
        },
        {
            "name": "wpackagist-plugin/wordpress-seo",
            "version": "14.9",
            "source": {
                "type": "svn",
                "url": "https://plugins.svn.wordpress.org/wordpress-seo/",
                "reference": "tags/14.9"
            },
            "dist": {
                "type": "zip",
                "url": "https://downloads.wordpress.org/plugin/wordpress-seo.14.9.zip"
            },
            "require": {
                "composer/installers": "~1.0"
            },
            "type": "wordpress-plugin",
            "homepage": "https://wordpress.org/plugins/wordpress-seo/"
        }
    ],
    "packages-dev": [],
    "aliases": [],
    "minimum-stability": "dev",
    "stability-flags": [],
    "prefer-stable": true,
    "prefer-lowest": false,
    "platform": [],
    "platform-dev": [],
    "plugin-api-version": "1.1.0"
}
