{
    "_readme": [
        "This file locks the dependencies of your project to a known state",
        "Read more about it at https://getcomposer.org/doc/01-basic-usage.md#installing-dependencies",
        "This file is @generated automatically"
    ],
    "content-hash": "39ea9178c802bf2c5478acb57a7f32af",
    "packages": [
        {
            "name": "composer/installers",
            "version": "v1.5.0",
            "source": {
                "type": "git",
                "url": "https://github.com/composer/installers.git",
                "reference": "049797d727261bf27f2690430d935067710049c2"
            },
            "dist": {
                "type": "zip",
                "url": "https://api.github.com/repos/composer/installers/zipball/049797d727261bf27f2690430d935067710049c2",
                "reference": "049797d727261bf27f2690430d935067710049c2",
                "shasum": ""
            },
            "require": {
                "composer-plugin-api": "^1.0"
            },
            "replace": {
                "roundcube/plugin-installer": "*",
                "shama/baton": "*"
            },
            "require-dev": {
                "composer/composer": "1.0.*@dev",
                "phpunit/phpunit": "^4.8.36"
            },
            "type": "composer-plugin",
            "extra": {
                "class": "Composer\\Installers\\Plugin",
                "branch-alias": {
                    "dev-master": "1.0-dev"
                }
            },
            "autoload": {
                "psr-4": {
                    "Composer\\Installers\\": "src/Composer/Installers"
                }
            },
            "notification-url": "https://packagist.org/downloads/",
            "license": [
                "MIT"
            ],
            "authors": [
                {
                    "name": "Kyle Robinson Young",
                    "email": "kyle@dontkry.com",
                    "homepage": "https://github.com/shama"
                }
            ],
            "description": "A multi-framework Composer library installer",
            "homepage": "https://composer.github.io/installers/",
            "keywords": [
                "Craft",
                "Dolibarr",
                "Eliasis",
                "Hurad",
                "ImageCMS",
                "Kanboard",
                "Lan Management System",
                "MODX Evo",
                "Mautic",
                "Maya",
                "OXID",
                "Plentymarkets",
                "Porto",
                "RadPHP",
                "SMF",
                "Thelia",
                "WolfCMS",
                "agl",
                "aimeos",
                "annotatecms",
                "attogram",
                "bitrix",
                "cakephp",
                "chef",
                "cockpit",
                "codeigniter",
                "concrete5",
                "croogo",
                "dokuwiki",
                "drupal",
                "eZ Platform",
                "elgg",
                "expressionengine",
                "fuelphp",
                "grav",
                "installer",
                "itop",
                "joomla",
                "kohana",
                "laravel",
                "lavalite",
                "lithium",
                "magento",
                "majima",
                "mako",
                "mediawiki",
                "modulework",
                "modx",
                "moodle",
                "osclass",
                "phpbb",
                "piwik",
                "ppi",
                "puppet",
                "pxcms",
                "reindex",
                "roundcube",
                "shopware",
                "silverstripe",
                "sydes",
                "symfony",
                "typo3",
                "wordpress",
                "yawik",
                "zend",
                "zikula"
            ],
            "time": "2017-12-29T09:13:20+00:00"
        },
        {
            "name": "landslidecreative/advanced-custom-fields-pro",
            "version": "5.7.3",
            "source": {
                "type": "git",
                "url": "git@github.com:jsjenkins/advanced-custom-fields-pro.git",
                "reference": "bf34d00ba34eda9aafd3dab085445914f67bed72"
            },
            "dist": {
                "type": "zip",
                "url": "https://api.github.com/repos/jsjenkins/advanced-custom-fields-pro/zipball/bf34d00ba34eda9aafd3dab085445914f67bed72",
                "reference": "bf34d00ba34eda9aafd3dab085445914f67bed72",
                "shasum": ""
            },
            "require": {
                "composer/installers": "v1.5.0"
            },
            "type": "wordpress-plugin",
            "support": {
                "source": "https://github.com/jsjenkins/advanced-custom-fields-pro/tree/5.7.3",
                "issues": "https://github.com/jsjenkins/advanced-custom-fields-pro/issues"
            },
            "time": "2018-08-28T20:16:25+00:00"
        },
        {
            "name": "landslidecreative/backupbuddy",
            "version": "8.2.8.3",
            "source": {
                "type": "git",
                "url": "git@github.com:jsjenkins/backupbuddy.git",
                "reference": "639c4c31490ba4f941a1725da0a26727f7c0fe24"
            },
            "dist": {
                "type": "zip",
                "url": "https://api.github.com/repos/jsjenkins/backupbuddy/zipball/639c4c31490ba4f941a1725da0a26727f7c0fe24",
                "reference": "639c4c31490ba4f941a1725da0a26727f7c0fe24",
                "shasum": ""
            },
            "require": {
                "composer/installers": "v1.5.0"
            },
            "type": "wordpress-plugin",
            "support": {
                "source": "https://github.com/jsjenkins/backupbuddy/tree/8.2.8.3",
                "issues": "https://github.com/jsjenkins/backupbuddy/issues"
            },
            "time": "2018-08-28T20:17:24+00:00"
        },
        {
            "name": "landslidecreative/gravityforms",
            "version": "2.3.3.9",
            "source": {
                "type": "git",
                "url": "git@github.com:jsjenkins/gravityforms.git",
                "reference": "5b7dfb207bd012a010b4bf13a5532878d26fc86a"
            },
            "dist": {
                "type": "zip",
                "url": "https://api.github.com/repos/jsjenkins/gravityforms/zipball/5b7dfb207bd012a010b4bf13a5532878d26fc86a",
                "reference": "5b7dfb207bd012a010b4bf13a5532878d26fc86a",
                "shasum": ""
            },
            "require": {
                "composer/installers": "v1.5.0"
            },
            "type": "wordpress-plugin",
            "support": {
                "source": "https://github.com/jsjenkins/gravityforms/tree/2.3.3.9",
                "issues": "https://github.com/jsjenkins/gravityforms/issues"
            },
            "time": "2018-08-28T20:18:17+00:00"
        },
        {
            "name": "landslidecreative/wp-migrate-db-pro",
            "version": "1.8.1",
            "source": {
                "type": "git",
                "url": "git@github.com:jsjenkins/wp-migrate-db-pro.git",
                "reference": "46b5ca69a9edfef8e58d005df01262ff3542cf9d"
            },
            "dist": {
                "type": "zip",
                "url": "https://api.github.com/repos/jsjenkins/wp-migrate-db-pro/zipball/46b5ca69a9edfef8e58d005df01262ff3542cf9d",
                "reference": "46b5ca69a9edfef8e58d005df01262ff3542cf9d",
                "shasum": ""
            },
            "require": {
                "composer/installers": "v1.5.0"
            },
            "type": "wordpress-plugin",
            "support": {
                "source": "https://github.com/jsjenkins/wp-migrate-db-pro/tree/1.8.1",
                "issues": "https://github.com/jsjenkins/wp-migrate-db-pro/issues"
            },
            "time": "2018-05-18T16:00:33+00:00"
        },
        {
            "name": "landslidecreative/wp-rocket",
            "version": "3.1.2",
            "source": {
                "type": "git",
                "url": "git@github.com:jsjenkins/wp-rocket.git",
                "reference": "0d07fe2f7a722884bd17b5994fd3b1d73054e2ca"
            },
            "dist": {
                "type": "zip",
                "url": "https://api.github.com/repos/jsjenkins/wp-rocket/zipball/0d07fe2f7a722884bd17b5994fd3b1d73054e2ca",
                "reference": "0d07fe2f7a722884bd17b5994fd3b1d73054e2ca",
                "shasum": ""
            },
            "require": {
                "composer/installers": "v1.5.0"
            },
            "type": "wordpress-plugin",
            "support": {
                "source": "https://github.com/jsjenkins/wp-rocket/tree/3.1.2",
                "issues": "https://github.com/jsjenkins/wp-rocket/issues"
            },
            "time": "2018-08-28T20:19:09+00:00"
        },
        {
            "name": "wpackagist-plugin/imagify",
            "version": "1.8.1.1",
            "source": {
                "type": "svn",
                "url": "https://plugins.svn.wordpress.org/imagify/",
                "reference": "tags/1.8.1.1"
            },
            "dist": {
                "type": "zip",
                "url": "https://downloads.wordpress.org/plugin/imagify.1.8.1.1.zip",
                "reference": null,
                "shasum": null
            },
            "require": {
                "composer/installers": "~1.0"
            },
            "type": "wordpress-plugin",
            "homepage": "https://wordpress.org/plugins/imagify/"
        },
        {
            "name": "wpackagist-plugin/intuitive-custom-post-order",
            "version": "3.1.1",
            "source": {
                "type": "svn",
                "url": "https://plugins.svn.wordpress.org/intuitive-custom-post-order/",
                "reference": "tags/3.1.1"
            },
            "dist": {
                "type": "zip",
                "url": "https://downloads.wordpress.org/plugin/intuitive-custom-post-order.3.1.1.zip",
                "reference": null,
                "shasum": null
            },
            "require": {
                "composer/installers": "~1.0"
            },
            "type": "wordpress-plugin",
            "homepage": "https://wordpress.org/plugins/intuitive-custom-post-order/"
        },
        {
            "name": "wpackagist-plugin/wordfence",
            "version": "7.1.11",
            "source": {
                "type": "svn",
                "url": "https://plugins.svn.wordpress.org/wordfence/",
                "reference": "tags/7.1.11"
            },
            "dist": {
                "type": "zip",
                "url": "https://downloads.wordpress.org/plugin/wordfence.7.1.11.zip",
                "reference": null,
                "shasum": null
            },
            "require": {
                "composer/installers": "~1.0"
            },
            "type": "wordpress-plugin",
            "homepage": "https://wordpress.org/plugins/wordfence/"
        },
        {
            "name": "wpackagist-plugin/wordpress-seo",
            "version": "8.1.2",
            "source": {
                "type": "svn",
                "url": "https://plugins.svn.wordpress.org/wordpress-seo/",
                "reference": "tags/8.1.2"
            },
            "dist": {
                "type": "zip",
                "url": "https://downloads.wordpress.org/plugin/wordpress-seo.8.1.2.zip",
                "reference": null,
                "shasum": null
            },
            "require": {
                "composer/installers": "~1.0"
            },
            "type": "wordpress-plugin",
            "homepage": "https://wordpress.org/plugins/wordpress-seo/"
        }
    ],
    "packages-dev": [],
    "aliases": [],
    "minimum-stability": "dev",
    "stability-flags": [],
    "prefer-stable": true,
    "prefer-lowest": false,
    "platform": [],
    "platform-dev": []
}
