{
    "_readme": [
        "This file locks the dependencies of your project to a known state",
        "Read more about it at https://getcomposer.org/doc/01-basic-usage.md#installing-dependencies",
        "This file is @generated automatically"
    ],
    "content-hash": "9b077dcf37f1cab903e5eddd8a698e12",
    "packages": [
        {
            "name": "composer/installers",
            "version": "v1.5.0",
            "source": {
                "type": "git",
                "url": "https://github.com/composer/installers.git",
                "reference": "049797d727261bf27f2690430d935067710049c2"
            },
            "dist": {
                "type": "zip",
                "url": "https://api.github.com/repos/composer/installers/zipball/049797d727261bf27f2690430d935067710049c2",
                "reference": "049797d727261bf27f2690430d935067710049c2",
                "shasum": ""
            },
            "require": {
                "composer-plugin-api": "^1.0"
            },
            "replace": {
                "roundcube/plugin-installer": "*",
                "shama/baton": "*"
            },
            "require-dev": {
                "composer/composer": "1.0.*@dev",
                "phpunit/phpunit": "^4.8.36"
            },
            "type": "composer-plugin",
            "extra": {
                "class": "Composer\\Installers\\Plugin",
                "branch-alias": {
                    "dev-master": "1.0-dev"
                }
            },
            "autoload": {
                "psr-4": {
                    "Composer\\Installers\\": "src/Composer/Installers"
                }
            },
            "notification-url": "https://packagist.org/downloads/",
            "license": [
                "MIT"
            ],
            "authors": [
                {
                    "name": "Kyle Robinson Young",
                    "email": "kyle@dontkry.com",
                    "homepage": "https://github.com/shama"
                }
            ],
            "description": "A multi-framework Composer library installer",
            "homepage": "https://composer.github.io/installers/",
            "keywords": [
                "Craft",
                "Dolibarr",
                "Eliasis",
                "Hurad",
                "ImageCMS",
                "Kanboard",
                "Lan Management System",
                "MODX Evo",
                "Mautic",
                "Maya",
                "OXID",
                "Plentymarkets",
                "Porto",
                "RadPHP",
                "SMF",
                "Thelia",
                "WolfCMS",
                "agl",
                "aimeos",
                "annotatecms",
                "attogram",
                "bitrix",
                "cakephp",
                "chef",
                "cockpit",
                "codeigniter",
                "concrete5",
                "croogo",
                "dokuwiki",
                "drupal",
                "eZ Platform",
                "elgg",
                "expressionengine",
                "fuelphp",
                "grav",
                "installer",
                "itop",
                "joomla",
                "kohana",
                "laravel",
                "lavalite",
                "lithium",
                "magento",
                "majima",
                "mako",
                "mediawiki",
                "modulework",
                "modx",
                "moodle",
                "osclass",
                "phpbb",
                "piwik",
                "ppi",
                "puppet",
                "pxcms",
                "reindex",
                "roundcube",
                "shopware",
                "silverstripe",
                "sydes",
                "symfony",
                "typo3",
                "wordpress",
                "yawik",
                "zend",
                "zikula"
            ],
            "time": "2017-12-29T09:13:20+00:00"
        },
        {
            "name": "landslidecreative/advanced-custom-fields-pro",
            "version": "5.7.13",
            "source": {
                "type": "git",
                "url": "git@github.com:jsjenkins/advanced-custom-fields-pro.git",
                "reference": "e75baa2fadbb7487b57ed185a6884639ba5d21d4"
            },
            "dist": {
                "type": "zip",
                "url": "https://api.github.com/repos/jsjenkins/advanced-custom-fields-pro/zipball/e75baa2fadbb7487b57ed185a6884639ba5d21d4",
                "reference": "e75baa2fadbb7487b57ed185a6884639ba5d21d4",
                "shasum": ""
            },
            "require": {
                "composer/installers": "v1.5.0"
            },
            "type": "wordpress-plugin",
            "support": {
                "source": "https://github.com/jsjenkins/advanced-custom-fields-pro/tree/5.7.13",
                "issues": "https://github.com/jsjenkins/advanced-custom-fields-pro/issues"
            },
            "time": "2019-04-02T15:39:05+00:00"
        },
        {
            "name": "landslidecreative/backupbuddy",
            "version": "8.3.10.0",
            "source": {
                "type": "git",
                "url": "git@github.com:jsjenkins/backupbuddy.git",
                "reference": "66f2725f4d9db22a720571d7ddf18dab0ff3c51a"
            },
            "dist": {
                "type": "zip",
                "url": "https://api.github.com/repos/jsjenkins/backupbuddy/zipball/66f2725f4d9db22a720571d7ddf18dab0ff3c51a",
                "reference": "66f2725f4d9db22a720571d7ddf18dab0ff3c51a",
                "shasum": ""
            },
            "require": {
                "composer/installers": "v1.5.0"
            },
            "type": "wordpress-plugin",
            "support": {
                "source": "https://github.com/jsjenkins/backupbuddy/tree/8.3.10.0",
                "issues": "https://github.com/jsjenkins/backupbuddy/issues"
            },
            "time": "2019-04-02T15:41:45+00:00"
        },
        {
            "name": "landslidecreative/gravityforms",
            "version": "2.4.6.15",
            "source": {
                "type": "git",
                "url": "git@github.com:jsjenkins/gravityforms.git",
                "reference": "790364cf985f863a9a03127e47122ec34eb0269e"
            },
            "dist": {
                "type": "zip",
                "url": "https://api.github.com/repos/jsjenkins/gravityforms/zipball/790364cf985f863a9a03127e47122ec34eb0269e",
                "reference": "790364cf985f863a9a03127e47122ec34eb0269e",
                "shasum": ""
            },
            "require": {
                "composer/installers": "v1.5.0"
            },
            "type": "wordpress-plugin",
            "support": {
                "source": "https://github.com/jsjenkins/gravityforms/tree/2.4.6.15",
                "issues": "https://github.com/jsjenkins/gravityforms/issues"
            },
            "time": "2019-04-02T15:45:24+00:00"
        },
        {
            "name": "landslidecreative/wp-migrate-db-pro",
            "version": "1.9.5",
            "source": {
                "type": "git",
                "url": "git@github.com:jsjenkins/wp-migrate-db-pro.git",
                "reference": "33f17582891b5296c4107029a563c7b0ee3547c5"
            },
            "dist": {
                "type": "zip",
                "url": "https://api.github.com/repos/jsjenkins/wp-migrate-db-pro/zipball/33f17582891b5296c4107029a563c7b0ee3547c5",
                "reference": "33f17582891b5296c4107029a563c7b0ee3547c5",
                "shasum": ""
            },
            "require": {
                "composer/installers": "v1.5.0"
            },
            "type": "wordpress-plugin",
            "support": {
                "source": "https://github.com/jsjenkins/wp-migrate-db-pro/tree/1.9.5",
                "issues": "https://github.com/jsjenkins/wp-migrate-db-pro/issues"
            },
            "time": "2019-03-20T17:06:57+00:00"
        },
        {
            "name": "landslidecreative/wp-rocket",
            "version": "3.2.6",
            "source": {
                "type": "git",
                "url": "git@github.com:jsjenkins/wp-rocket.git",
                "reference": "44381abafcdf420990057e9040599fb12e3431ce"
            },
            "dist": {
                "type": "zip",
                "url": "https://api.github.com/repos/jsjenkins/wp-rocket/zipball/44381abafcdf420990057e9040599fb12e3431ce",
                "reference": "44381abafcdf420990057e9040599fb12e3431ce",
                "shasum": ""
            },
            "require": {
                "composer/installers": "v1.5.0"
            },
            "type": "wordpress-plugin",
            "support": {
                "source": "https://github.com/jsjenkins/wp-rocket/tree/3.2.6",
                "issues": "https://github.com/jsjenkins/wp-rocket/issues"
            },
            "time": "2019-02-27T18:14:54+00:00"
        },
        {
            "name": "wpackagist-plugin/classic-editor",
            "version": "1.4",
            "source": {
                "type": "svn",
                "url": "https://plugins.svn.wordpress.org/classic-editor/",
                "reference": "tags/1.4"
            },
            "dist": {
                "type": "zip",
                "url": "https://downloads.wordpress.org/plugin/classic-editor.1.4.zip",
                "reference": null,
                "shasum": null
            },
            "require": {
                "composer/installers": "~1.0"
            },
            "type": "wordpress-plugin",
            "homepage": "https://wordpress.org/plugins/classic-editor/"
        },
        {
            "name": "wpackagist-plugin/imagify",
            "version": "1.8.4.1",
            "source": {
                "type": "svn",
                "url": "https://plugins.svn.wordpress.org/imagify/",
                "reference": "tags/1.8.4.1"
            },
            "dist": {
                "type": "zip",
                "url": "https://downloads.wordpress.org/plugin/imagify.1.8.4.1.zip",
                "reference": null,
                "shasum": null
            },
            "require": {
                "composer/installers": "~1.0"
            },
            "type": "wordpress-plugin",
            "homepage": "https://wordpress.org/plugins/imagify/"
        },
        {
            "name": "wpackagist-plugin/intuitive-custom-post-order",
            "version": "3.1.2",
            "source": {
                "type": "svn",
                "url": "https://plugins.svn.wordpress.org/intuitive-custom-post-order/",
                "reference": "tags/3.1.2"
            },
            "dist": {
                "type": "zip",
                "url": "https://downloads.wordpress.org/plugin/intuitive-custom-post-order.3.1.2.zip",
                "reference": null,
                "shasum": null
            },
            "require": {
                "composer/installers": "~1.0"
            },
            "type": "wordpress-plugin",
            "homepage": "https://wordpress.org/plugins/intuitive-custom-post-order/"
        },
        {
            "name": "wpackagist-plugin/wordfence",
            "version": "7.2.4",
            "source": {
                "type": "svn",
                "url": "https://plugins.svn.wordpress.org/wordfence/",
                "reference": "tags/7.2.4"
            },
            "dist": {
                "type": "zip",
                "url": "https://downloads.wordpress.org/plugin/wordfence.7.2.4.zip",
                "reference": null,
                "shasum": null
            },
            "require": {
                "composer/installers": "~1.0"
            },
            "type": "wordpress-plugin",
            "homepage": "https://wordpress.org/plugins/wordfence/"
        },
        {
            "name": "wpackagist-plugin/wordpress-seo",
            "version": "10.1.1",
            "source": {
                "type": "svn",
                "url": "https://plugins.svn.wordpress.org/wordpress-seo/",
                "reference": "tags/10.1.1"
            },
            "dist": {
                "type": "zip",
                "url": "https://downloads.wordpress.org/plugin/wordpress-seo.10.1.1.zip",
                "reference": null,
                "shasum": null
            },
            "require": {
                "composer/installers": "~1.0"
            },
            "type": "wordpress-plugin",
            "homepage": "https://wordpress.org/plugins/wordpress-seo/"
        }
    ],
    "packages-dev": [],
    "aliases": [],
    "minimum-stability": "dev",
    "stability-flags": [],
    "prefer-stable": true,
    "prefer-lowest": false,
    "platform": [],
    "platform-dev": []
}
